
Microsoft Visual Studio Solution File, Format Version 12.00
# Visual Studio Version 16
VisualStudioVersion = 16.0.33529.622
MinimumVisualStudioVersion = 10.0.40219.1
Project("{FAE04EC0-301F-11D3-BF4B-00C04F79EFBC}") = "EmployeeMVC", "Employee_Management\EmployeeMVC.csproj", "{B428EED8-E50A-4E82-88C1-189FBFB00EC9}"
EndProject
Project("{FAE04EC0-301F-11D3-BF4B-00C04F79EFBC}") = "EmployeeModel", "CommonModel\EmployeeModel.csproj", "{E74C46E0-755D-4056-845C-BD807AAF9D61}"
EndProject
Project("{FAE04EC0-301F-11D3-BF4B-00C04F79EFBC}") = "EmployeeRepository", "Repository\EmployeeRepository.csproj", "{F68BCAC7-B210-4837-B6C4-24DEBD47714B}"
EndProject
Project("{FAE04EC0-301F-11D3-BF4B-00C04F79EFBC}") = "EmployeeServices", "Service\EmployeeServices.csproj", "{14F01E42-6D89-430A-BD73-920E8BB93780}"
EndProject
Global
	GlobalSection(SolutionConfigurationPlatforms) = preSolution
		Debug|Any CPU = Debug|Any CPU
		Release|Any CPU = Release|Any CPU
	EndGlobalSection
	GlobalSection(ProjectConfigurationPlatforms) = postSolution
		{B428EED8-E50A-4E82-88C1-189FBFB00EC9}.Debug|Any CPU.ActiveCfg = Debug|Any CPU
		{B428EED8-E50A-4E82-88C1-189FBFB00EC9}.Debug|Any CPU.Build.0 = Debug|Any CPU
		{B428EED8-E50A-4E82-88C1-189FBFB00EC9}.Release|Any CPU.ActiveCfg = Release|Any CPU
		{B428EED8-E50A-4E82-88C1-189FBFB00EC9}.Release|Any CPU.Build.0 = Release|Any CPU
		{E74C46E0-755D-4056-845C-BD807AAF9D61}.Debug|Any CPU.ActiveCfg = Debug|Any CPU
		{E74C46E0-755D-4056-845C-BD807AAF9D61}.Debug|Any CPU.Build.0 = Debug|Any CPU
		{E74C46E0-755D-4056-845C-BD807AAF9D61}.Release|Any CPU.ActiveCfg = Release|Any CPU
		{E74C46E0-755D-4056-845C-BD807AAF9D61}.Release|Any CPU.Build.0 = Release|Any CPU
		{F68BCAC7-B210-4837-B6C4-24DEBD47714B}.Debug|Any CPU.ActiveCfg = Debug|Any CPU
		{F68BCAC7-B210-4837-B6C4-24DEBD47714B}.Debug|Any CPU.Build.0 = Debug|Any CPU
		{F68BCAC7-B210-4837-B6C4-24DEBD47714B}.Release|Any CPU.ActiveCfg = Release|Any CPU
		{F68BCAC7-B210-4837-B6C4-24DEBD47714B}.Release|Any CPU.Build.0 = Release|Any CPU
		{14F01E42-6D89-430A-BD73-920E8BB93780}.Debug|Any CPU.ActiveCfg = Debug|Any CPU
		{14F01E42-6D89-430A-BD73-920E8BB93780}.Debug|Any CPU.Build.0 = Debug|Any CPU
		{14F01E42-6D89-430A-BD73-920E8BB93780}.Release|Any CPU.ActiveCfg = Release|Any CPU
		{14F01E42-6D89-430A-BD73-920E8BB93780}.Release|Any CPU.Build.0 = Release|Any CPU
	EndGlobalSection
	GlobalSection(SolutionProperties) = preSolution
		HideSolutionNode = FALSE
	EndGlobalSection
	GlobalSection(ExtensibilityGlobals) = postSolution
		SolutionGuid = {C226E863-78A6-45B4-9490-E8FA7D31BE75}
	EndGlobalSection
EndGlobal
